
Microsoft Visual Studio Solution File, Format Version 12.00
# Visual Studio Version 17
VisualStudioVersion = 17.5.002.0
MinimumVisualStudioVersion = 10.0.40219.1
Project("{9A19103F-16F7-4668-BE54-9A1E7A4F7556}") = "s3_copy_file_dotnet", "s3_copy_file_dotnet.csproj", "{8E0D920A-6A01-4624-AE2F-A2A75BF7D96D}"
EndProject
Global
	GlobalSection(SolutionConfigurationPlatforms) = preSolution
		Debug|Any CPU = Debug|Any CPU
		Release|Any CPU = Release|Any CPU
	EndGlobalSection
	GlobalSection(ProjectConfigurationPlatforms) = postSolution
		{8E0D920A-6A01-4624-AE2F-A2A75BF7D96D}.Debug|Any CPU.ActiveCfg = Debug|Any CPU
		{8E0D920A-6A01-4624-AE2F-A2A75BF7D96D}.Debug|Any CPU.Build.0 = Debug|Any CPU
		{8E0D920A-6A01-4624-AE2F-A2A75BF7D96D}.Release|Any CPU.ActiveCfg = Release|Any CPU
		{8E0D920A-6A01-4624-AE2F-A2A75BF7D96D}.Release|Any CPU.Build.0 = Release|Any CPU
	EndGlobalSection
	GlobalSection(SolutionProperties) = preSolution
		HideSolutionNode = FALSE
	EndGlobalSection
	GlobalSection(ExtensibilityGlobals) = postSolution
		SolutionGuid = {D38221DE-F24D-4243-B466-9387CEAF48C0}
	EndGlobalSection
EndGlobal
